
Microsoft Visual Studio Solution File, Format Version 12.00
# Visual Studio Version 17
VisualStudioVersion = 17.8.34511.84
MinimumVisualStudioVersion = 10.0.40219.1
Project("{8BC9CEB8-8B4A-11D0-8D11-00A0C91BC942}") = "libAACdec", "libAACdec\libAACdec.vcxproj", "{7C4EDCB2-B0E7-4DA1-9B19-7FD46B5DF94E}"
EndProject
Project("{8BC9CEB8-8B4A-11D0-8D11-00A0C91BC942}") = "libAACenc", "libAACenc\libAACenc.vcxproj", "{111B8835-DDC0-4544-A388-6648F91AF71B}"
EndProject
Global
	GlobalSection(SolutionConfigurationPlatforms) = preSolution
		Debug|ARM64 = Debug|ARM64
		Debug|x64 = Debug|x64
		Debug|x86 = Debug|x86
		Release|ARM64 = Release|ARM64
		Release|x64 = Release|x64
		Release|x86 = Release|x86
	EndGlobalSection
	GlobalSection(ProjectConfigurationPlatforms) = postSolution
		{7C4EDCB2-B0E7-4DA1-9B19-7FD46B5DF94E}.Debug|ARM64.ActiveCfg = Debug|ARM64
		{7C4EDCB2-B0E7-4DA1-9B19-7FD46B5DF94E}.Debug|ARM64.Build.0 = Debug|ARM64
		{7C4EDCB2-B0E7-4DA1-9B19-7FD46B5DF94E}.Debug|x64.ActiveCfg = Debug|x64
		{7C4EDCB2-B0E7-4DA1-9B19-7FD46B5DF94E}.Debug|x64.Build.0 = Debug|x64
		{7C4EDCB2-B0E7-4DA1-9B19-7FD46B5DF94E}.Debug|x86.ActiveCfg = Debug|Win32
		{7C4EDCB2-B0E7-4DA1-9B19-7FD46B5DF94E}.Debug|x86.Build.0 = Debug|Win32
		{7C4EDCB2-B0E7-4DA1-9B19-7FD46B5DF94E}.Release|ARM64.ActiveCfg = Release|ARM64
		{7C4EDCB2-B0E7-4DA1-9B19-7FD46B5DF94E}.Release|ARM64.Build.0 = Release|ARM64
		{7C4EDCB2-B0E7-4DA1-9B19-7FD46B5DF94E}.Release|x64.ActiveCfg = Release|x64
		{7C4EDCB2-B0E7-4DA1-9B19-7FD46B5DF94E}.Release|x64.Build.0 = Release|x64
		{7C4EDCB2-B0E7-4DA1-9B19-7FD46B5DF94E}.Release|x86.ActiveCfg = Release|Win32
		{7C4EDCB2-B0E7-4DA1-9B19-7FD46B5DF94E}.Release|x86.Build.0 = Release|Win32
		{111B8835-DDC0-4544-A388-6648F91AF71B}.Debug|ARM64.ActiveCfg = Debug|ARM64
		{111B8835-DDC0-4544-A388-6648F91AF71B}.Debug|ARM64.Build.0 = Debug|ARM64
		{111B8835-DDC0-4544-A388-6648F91AF71B}.Debug|x64.ActiveCfg = Debug|x64
		{111B8835-DDC0-4544-A388-6648F91AF71B}.Debug|x64.Build.0 = Debug|x64
		{111B8835-DDC0-4544-A388-6648F91AF71B}.Debug|x86.ActiveCfg = Debug|Win32
		{111B8835-DDC0-4544-A388-6648F91AF71B}.Debug|x86.Build.0 = Debug|Win32
		{111B8835-DDC0-4544-A388-6648F91AF71B}.Release|ARM64.ActiveCfg = Release|ARM64
		{111B8835-DDC0-4544-A388-6648F91AF71B}.Release|ARM64.Build.0 = Release|ARM64
		{111B8835-DDC0-4544-A388-6648F91AF71B}.Release|x64.ActiveCfg = Release|x64
		{111B8835-DDC0-4544-A388-6648F91AF71B}.Release|x64.Build.0 = Release|x64
		{111B8835-DDC0-4544-A388-6648F91AF71B}.Release|x86.ActiveCfg = Release|Win32
		{111B8835-DDC0-4544-A388-6648F91AF71B}.Release|x86.Build.0 = Release|Win32
	EndGlobalSection
	GlobalSection(SolutionProperties) = preSolution
		HideSolutionNode = FALSE
	EndGlobalSection
	GlobalSection(ExtensibilityGlobals) = postSolution
		SolutionGuid = {EDCEDB3E-8C8F-46BB-8EEA-AB96B2EDAAF4}
	EndGlobalSection
EndGlobal
